// !$*UTF8*$!
{
	archiveVersion = 1;
	classes = {
	};
	objectVersion = 50;
	objects = {

/* Begin PBXBuildFile section */
		861E11242335515300F627BC /* UIColorExtensions.swift in Sources */ = {isa = PBXBuildFile; fileRef = 861E11232335515300F627BC /* UIColorExtensions.swift */; };
		861E11262335559800F627BC /* StatisticsContentViewController.swift in Sources */ = {isa = PBXBuildFile; fileRef = 861E11252335559800F627BC /* StatisticsContentViewController.swift */; };
		861E112A2335699100F627BC /* Settings.swift in Sources */ = {isa = PBXBuildFile; fileRef = 861E11292335699100F627BC /* Settings.swift */; };
		861E112C23356CF000F627BC /* SettingsController.swift in Sources */ = {isa = PBXBuildFile; fileRef = 861E112B23356CF000F627BC /* SettingsController.swift */; };
		861E112E23357A0300F627BC /* LoadDataController.swift in Sources */ = {isa = PBXBuildFile; fileRef = 861E112D23357A0300F627BC /* LoadDataController.swift */; };
		861E11302335825000F627BC /* LoadingDataViewController.swift in Sources */ = {isa = PBXBuildFile; fileRef = 861E112F2335825000F627BC /* LoadingDataViewController.swift */; };
		8624C445232FE62C00B60BE7 /* Log.swift in Sources */ = {isa = PBXBuildFile; fileRef = 8624C444232FE62C00B60BE7 /* Log.swift */; };
		8624C447232FE88300B60BE7 /* Activity.swift in Sources */ = {isa = PBXBuildFile; fileRef = 8624C446232FE88300B60BE7 /* Activity.swift */; };
		8624C449232FF62E00B60BE7 /* LogController.swift in Sources */ = {isa = PBXBuildFile; fileRef = 8624C448232FF62E00B60BE7 /* LogController.swift */; };
		8624C44B232FFCB000B60BE7 /* ActivityController.swift in Sources */ = {isa = PBXBuildFile; fileRef = 8624C44A232FFCB000B60BE7 /* ActivityController.swift */; };
		8624C44F2330072500B60BE7 /* CloudKit.framework in Frameworks */ = {isa = PBXBuildFile; fileRef = 8624C44E2330072500B60BE7 /* CloudKit.framework */; };
		86395CEE23174CBA003AFD08 /* DateCollectionViewCell.swift in Sources */ = {isa = PBXBuildFile; fileRef = 86395CED23174CBA003AFD08 /* DateCollectionViewCell.swift */; };
		864D198622F63429009368ED /* AppDelegate.swift in Sources */ = {isa = PBXBuildFile; fileRef = 864D198522F63429009368ED /* AppDelegate.swift */; };
		864D199022F6342A009368ED /* LaunchScreen.storyboard in Resources */ = {isa = PBXBuildFile; fileRef = 864D198E22F6342A009368ED /* LaunchScreen.storyboard */; };
		864D19A822F65033009368ED /* ActivitiesViewController.swift in Sources */ = {isa = PBXBuildFile; fileRef = 864D19A722F65033009368ED /* ActivitiesViewController.swift */; };
		864D19AC22F66B72009368ED /* Main.storyboard in Resources */ = {isa = PBXBuildFile; fileRef = 864D19AB22F66B72009368ED /* Main.storyboard */; };
		864D19AE22F67378009368ED /* MainTabBarController.swift in Sources */ = {isa = PBXBuildFile; fileRef = 864D19AD22F67378009368ED /* MainTabBarController.swift */; };
		8650F1972321871A0016F2D3 /* ActivityForActivityViewTableViewCell.swift in Sources */ = {isa = PBXBuildFile; fileRef = 8650F1962321871A0016F2D3 /* ActivityForActivityViewTableViewCell.swift */; };
		866354E4233940C8005805F7 /* DarkModeController.swift in Sources */ = {isa = PBXBuildFile; fileRef = 866354E3233940C8005805F7 /* DarkModeController.swift */; };
		866354E6233940DB005805F7 /* DarkMode.swift in Sources */ = {isa = PBXBuildFile; fileRef = 866354E5233940DB005805F7 /* DarkMode.swift */; };
		866354E823397ECB005805F7 /* StatisticsFunctions.swift in Sources */ = {isa = PBXBuildFile; fileRef = 866354E723397ECB005805F7 /* StatisticsFunctions.swift */; };
		866CAE722319A35C00C85FF8 /* CalenderHelper.swift in Sources */ = {isa = PBXBuildFile; fileRef = 866CAE712319A35C00C85FF8 /* CalenderHelper.swift */; };
		8675BBCF230B82AA00EE1382 /* ColorHelper.swift in Sources */ = {isa = PBXBuildFile; fileRef = 8675BBCE230B82AA00EE1382 /* ColorHelper.swift */; };
		8690403723200F1C004C2633 /* ActivityTableViewCell.swift in Sources */ = {isa = PBXBuildFile; fileRef = 8690403623200F1C004C2633 /* ActivityTableViewCell.swift */; };
		8690403923200F63004C2633 /* SF-Pro-Display-Medium.otf in Resources */ = {isa = PBXBuildFile; fileRef = 8690403823200F63004C2633 /* SF-Pro-Display-Medium.otf */; };
		86CCFD352306045800CDCC21 /* StatisticsViewController.swift in Sources */ = {isa = PBXBuildFile; fileRef = 86CCFD342306045800CDCC21 /* StatisticsViewController.swift */; };
		86D11AD222FF9C330059A0B3 /* HistoricalLogsViewController.swift in Sources */ = {isa = PBXBuildFile; fileRef = 86D11AD122FF9C330059A0B3 /* HistoricalLogsViewController.swift */; };
		86E0F828231F36930025DE0E /* SF-Pro-Display-Light.otf in Resources */ = {isa = PBXBuildFile; fileRef = 8654FC22230B6B3300A6202C /* SF-Pro-Display-Light.otf */; };
		86E0F82A231F41A80025DE0E /* SelectActivitiesViewController.swift in Sources */ = {isa = PBXBuildFile; fileRef = 86E0F829231F41A80025DE0E /* SelectActivitiesViewController.swift */; };
		86E2D4082305936A00E9A910 /* Assets.xcassets in Resources */ = {isa = PBXBuildFile; fileRef = 86E2D4072305936A00E9A910 /* Assets.xcassets */; };
/* End PBXBuildFile section */

/* Begin PBXFileReference section */
		861E11232335515300F627BC /* UIColorExtensions.swift */ = {isa = PBXFileReference; lastKnownFileType = sourcecode.swift; name = UIColorExtensions.swift; path = "happy/View Controllers/Navigation Controllers/UIColorExtensions.swift"; sourceTree = SOURCE_ROOT; };
		861E11252335559800F627BC /* StatisticsContentViewController.swift */ = {isa = PBXFileReference; lastKnownFileType = sourcecode.swift; path = StatisticsContentViewController.swift; sourceTree = "<group>"; };
		861E11292335699100F627BC /* Settings.swift */ = {isa = PBXFileReference; lastKnownFileType = sourcecode.swift; path = Settings.swift; sourceTree = "<group>"; };
		861E112B23356CF000F627BC /* SettingsController.swift */ = {isa = PBXFileReference; lastKnownFileType = sourcecode.swift; path = SettingsController.swift; sourceTree = "<group>"; };
		861E112D23357A0300F627BC /* LoadDataController.swift */ = {isa = PBXFileReference; lastKnownFileType = sourcecode.swift; path = LoadDataController.swift; sourceTree = "<group>"; };
		861E112F2335825000F627BC /* LoadingDataViewController.swift */ = {isa = PBXFileReference; lastKnownFileType = sourcecode.swift; path = LoadingDataViewController.swift; sourceTree = "<group>"; };
		8624C444232FE62C00B60BE7 /* Log.swift */ = {isa = PBXFileReference; lastKnownFileType = sourcecode.swift; path = Log.swift; sourceTree = "<group>"; };
		8624C446232FE88300B60BE7 /* Activity.swift */ = {isa = PBXFileReference; lastKnownFileType = sourcecode.swift; path = Activity.swift; sourceTree = "<group>"; };
		8624C448232FF62E00B60BE7 /* LogController.swift */ = {isa = PBXFileReference; lastKnownFileType = sourcecode.swift; path = LogController.swift; sourceTree = "<group>"; };
		8624C44A232FFCB000B60BE7 /* ActivityController.swift */ = {isa = PBXFileReference; lastKnownFileType = sourcecode.swift; path = ActivityController.swift; sourceTree = "<group>"; };
		8624C44C2330072200B60BE7 /* happy.entitlements */ = {isa = PBXFileReference; lastKnownFileType = text.plist.entitlements; path = happy.entitlements; sourceTree = "<group>"; };
		8624C44E2330072500B60BE7 /* CloudKit.framework */ = {isa = PBXFileReference; lastKnownFileType = wrapper.framework; name = CloudKit.framework; path = System/Library/Frameworks/CloudKit.framework; sourceTree = SDKROOT; };
		86395CED23174CBA003AFD08 /* DateCollectionViewCell.swift */ = {isa = PBXFileReference; lastKnownFileType = sourcecode.swift; path = DateCollectionViewCell.swift; sourceTree = "<group>"; };
		864D198222F63429009368ED /* happy.app */ = {isa = PBXFileReference; explicitFileType = wrapper.application; includeInIndex = 0; path = happy.app; sourceTree = BUILT_PRODUCTS_DIR; };
		864D198522F63429009368ED /* AppDelegate.swift */ = {isa = PBXFileReference; lastKnownFileType = sourcecode.swift; path = AppDelegate.swift; sourceTree = "<group>"; };
		864D198F22F6342A009368ED /* Base */ = {isa = PBXFileReference; lastKnownFileType = file.storyboard; name = Base; path = Base.lproj/LaunchScreen.storyboard; sourceTree = "<group>"; };
		864D199122F6342A009368ED /* Info.plist */ = {isa = PBXFileReference; lastKnownFileType = text.plist.xml; path = Info.plist; sourceTree = "<group>"; };
		864D19A722F65033009368ED /* ActivitiesViewController.swift */ = {isa = PBXFileReference; lastKnownFileType = sourcecode.swift; path = ActivitiesViewController.swift; sourceTree = "<group>"; };
		864D19AB22F66B72009368ED /* Main.storyboard */ = {isa = PBXFileReference; fileEncoding = 4; lastKnownFileType = file.storyboard; path = Main.storyboard; sourceTree = "<group>"; };
		864D19AD22F67378009368ED /* MainTabBarController.swift */ = {isa = PBXFileReference; lastKnownFileType = sourcecode.swift; path = MainTabBarController.swift; sourceTree = "<group>"; };
		8650F1962321871A0016F2D3 /* ActivityForActivityViewTableViewCell.swift */ = {isa = PBXFileReference; lastKnownFileType = sourcecode.swift; path = ActivityForActivityViewTableViewCell.swift; sourceTree = "<group>"; };
		8654FC22230B6B3300A6202C /* SF-Pro-Display-Light.otf */ = {isa = PBXFileReference; lastKnownFileType = file; path = "SF-Pro-Display-Light.otf"; sourceTree = "<group>"; };
		866354E3233940C8005805F7 /* DarkModeController.swift */ = {isa = PBXFileReference; lastKnownFileType = sourcecode.swift; path = DarkModeController.swift; sourceTree = "<group>"; };
		866354E5233940DB005805F7 /* DarkMode.swift */ = {isa = PBXFileReference; lastKnownFileType = sourcecode.swift; path = DarkMode.swift; sourceTree = "<group>"; };
		866354E723397ECB005805F7 /* StatisticsFunctions.swift */ = {isa = PBXFileReference; lastKnownFileType = sourcecode.swift; path = StatisticsFunctions.swift; sourceTree = "<group>"; };
		866CAE712319A35C00C85FF8 /* CalenderHelper.swift */ = {isa = PBXFileReference; lastKnownFileType = sourcecode.swift; path = CalenderHelper.swift; sourceTree = "<group>"; };
		8675BBCE230B82AA00EE1382 /* ColorHelper.swift */ = {isa = PBXFileReference; lastKnownFileType = sourcecode.swift; path = ColorHelper.swift; sourceTree = "<group>"; };
		8690403623200F1C004C2633 /* ActivityTableViewCell.swift */ = {isa = PBXFileReference; lastKnownFileType = sourcecode.swift; path = ActivityTableViewCell.swift; sourceTree = "<group>"; };
		8690403823200F63004C2633 /* SF-Pro-Display-Medium.otf */ = {isa = PBXFileReference; lastKnownFileType = file; path = "SF-Pro-Display-Medium.otf"; sourceTree = "<group>"; };
		86CCFD342306045800CDCC21 /* StatisticsViewController.swift */ = {isa = PBXFileReference; lastKnownFileType = sourcecode.swift; path = StatisticsViewController.swift; sourceTree = "<group>"; };
		86D11AD122FF9C330059A0B3 /* HistoricalLogsViewController.swift */ = {isa = PBXFileReference; lastKnownFileType = sourcecode.swift; path = HistoricalLogsViewController.swift; sourceTree = "<group>"; };
		86E0F829231F41A80025DE0E /* SelectActivitiesViewController.swift */ = {isa = PBXFileReference; lastKnownFileType = sourcecode.swift; path = SelectActivitiesViewController.swift; sourceTree = "<group>"; };
		86E2D4072305936A00E9A910 /* Assets.xcassets */ = {isa = PBXFileReference; lastKnownFileType = folder.assetcatalog; path = Assets.xcassets; sourceTree = "<group>"; };
/* End PBXFileReference section */

/* Begin PBXFrameworksBuildPhase section */
		864D197F22F63429009368ED /* Frameworks */ = {
			isa = PBXFrameworksBuildPhase;
			buildActionMask = 2147483647;
			files = (
				8624C44F2330072500B60BE7 /* CloudKit.framework in Frameworks */,
			);
			runOnlyForDeploymentPostprocessing = 0;
		};
/* End PBXFrameworksBuildPhase section */

/* Begin PBXGroup section */
		8624C44D2330072500B60BE7 /* Frameworks */ = {
			isa = PBXGroup;
			children = (
				8624C44E2330072500B60BE7 /* CloudKit.framework */,
			);
			name = Frameworks;
			sourceTree = "<group>";
		};
		862998B522F747E300B74809 /* Custom Cells */ = {
			isa = PBXGroup;
			children = (
				86395CED23174CBA003AFD08 /* DateCollectionViewCell.swift */,
				8690403623200F1C004C2633 /* ActivityTableViewCell.swift */,
				8650F1962321871A0016F2D3 /* ActivityForActivityViewTableViewCell.swift */,
			);
			path = "Custom Cells";
			sourceTree = "<group>";
		};
		864D197922F63429009368ED = {
			isa = PBXGroup;
			children = (
				864D198422F63429009368ED /* happy */,
				864D198322F63429009368ED /* Products */,
				8624C44D2330072500B60BE7 /* Frameworks */,
			);
			sourceTree = "<group>";
		};
		864D198322F63429009368ED /* Products */ = {
			isa = PBXGroup;
			children = (
				864D198222F63429009368ED /* happy.app */,
			);
			name = Products;
			sourceTree = "<group>";
		};
		864D198422F63429009368ED /* happy */ = {
			isa = PBXGroup;
			children = (
				8624C44C2330072200B60BE7 /* happy.entitlements */,
				864D19AB22F66B72009368ED /* Main.storyboard */,
				864D198E22F6342A009368ED /* LaunchScreen.storyboard */,
				864D199922F63471009368ED /* Models */,
				864D19A422F641B5009368ED /* View Controllers */,
				864D199822F6345A009368ED /* Model Controllers */,
				864D199722F6344F009368ED /* Resources */,
				86904032231F6FF3004C2633 /* Extensions */,
				866CAE702319A33100C85FF8 /* Helpers */,
			);
			path = happy;
			sourceTree = "<group>";
		};
		864D199722F6344F009368ED /* Resources */ = {
			isa = PBXGroup;
			children = (
				86E2D4072305936A00E9A910 /* Assets.xcassets */,
				8654FC21230B6B2F00A6202C /* Fonts */,
				864D198522F63429009368ED /* AppDelegate.swift */,
				864D199122F6342A009368ED /* Info.plist */,
			);
			path = Resources;
			sourceTree = "<group>";
		};
		864D199822F6345A009368ED /* Model Controllers */ = {
			isa = PBXGroup;
			children = (
				8624C448232FF62E00B60BE7 /* LogController.swift */,
				8624C44A232FFCB000B60BE7 /* ActivityController.swift */,
				861E112B23356CF000F627BC /* SettingsController.swift */,
				861E112D23357A0300F627BC /* LoadDataController.swift */,
				866354E3233940C8005805F7 /* DarkModeController.swift */,
			);
			path = "Model Controllers";
			sourceTree = "<group>";
		};
		864D199922F63471009368ED /* Models */ = {
			isa = PBXGroup;
			children = (
				8624C444232FE62C00B60BE7 /* Log.swift */,
				8624C446232FE88300B60BE7 /* Activity.swift */,
				861E11292335699100F627BC /* Settings.swift */,
				866354E5233940DB005805F7 /* DarkMode.swift */,
			);
			path = Models;
			sourceTree = "<group>";
		};
		864D19A422F641B5009368ED /* View Controllers */ = {
			isa = PBXGroup;
			children = (
				865311F822FA33DB00E198BC /* Navigation Controllers */,
				864D19A722F65033009368ED /* ActivitiesViewController.swift */,
				86D11AD122FF9C330059A0B3 /* HistoricalLogsViewController.swift */,
				86E0F829231F41A80025DE0E /* SelectActivitiesViewController.swift */,
				86CCFD342306045800CDCC21 /* StatisticsViewController.swift */,
				861E11252335559800F627BC /* StatisticsContentViewController.swift */,
				861E112F2335825000F627BC /* LoadingDataViewController.swift */,
				862998B522F747E300B74809 /* Custom Cells */,
			);
			path = "View Controllers";
			sourceTree = "<group>";
		};
		865311F822FA33DB00E198BC /* Navigation Controllers */ = {
			isa = PBXGroup;
			children = (
				864D19AD22F67378009368ED /* MainTabBarController.swift */,
			);
			path = "Navigation Controllers";
			sourceTree = "<group>";
		};
		8654FC21230B6B2F00A6202C /* Fonts */ = {
			isa = PBXGroup;
			children = (
				8690403823200F63004C2633 /* SF-Pro-Display-Medium.otf */,
				8654FC22230B6B3300A6202C /* SF-Pro-Display-Light.otf */,
			);
			path = Fonts;
			sourceTree = "<group>";
		};
		866CAE702319A33100C85FF8 /* Helpers */ = {
			isa = PBXGroup;
			children = (
				8675BBCE230B82AA00EE1382 /* ColorHelper.swift */,
				866CAE712319A35C00C85FF8 /* CalenderHelper.swift */,
				866354E723397ECB005805F7 /* StatisticsFunctions.swift */,
			);
			path = Helpers;
			sourceTree = "<group>";
		};
		86904032231F6FF3004C2633 /* Extensions */ = {
			isa = PBXGroup;
			children = (
				861E11232335515300F627BC /* UIColorExtensions.swift */,
			);
			path = Extensions;
			sourceTree = "<group>";
		};
/* End PBXGroup section */

/* Begin PBXNativeTarget section */
		864D198122F63429009368ED /* happy */ = {
			isa = PBXNativeTarget;
			buildConfigurationList = 864D199422F6342A009368ED /* Build configuration list for PBXNativeTarget "happy" */;
			buildPhases = (
				864D197E22F63429009368ED /* Sources */,
				864D197F22F63429009368ED /* Frameworks */,
				864D198022F63429009368ED /* Resources */,
			);
			buildRules = (
			);
			dependencies = (
			);
			name = happy;
			productName = happy;
			productReference = 864D198222F63429009368ED /* happy.app */;
			productType = "com.apple.product-type.application";
		};
/* End PBXNativeTarget section */

/* Begin PBXProject section */
		864D197A22F63429009368ED /* Project object */ = {
			isa = PBXProject;
			attributes = {
				LastSwiftUpdateCheck = 1020;
				LastUpgradeCheck = 1020;
				ORGANIZATIONNAME = "Jax Tubbs";
				TargetAttributes = {
					864D198122F63429009368ED = {
						CreatedOnToolsVersion = 10.2.1;
						SystemCapabilities = {
							com.apple.Push = {
								enabled = 1;
							};
							com.apple.iCloud = {
								enabled = 1;
							};
						};
					};
				};
			};
			buildConfigurationList = 864D197D22F63429009368ED /* Build configuration list for PBXProject "happy" */;
			compatibilityVersion = "Xcode 9.3";
			developmentRegion = en;
			hasScannedForEncodings = 0;
			knownRegions = (
				en,
				Base,
			);
			mainGroup = 864D197922F63429009368ED;
			productRefGroup = 864D198322F63429009368ED /* Products */;
			projectDirPath = "";
			projectRoot = "";
			targets = (
				864D198122F63429009368ED /* happy */,
			);
		};
/* End PBXProject section */

/* Begin PBXResourcesBuildPhase section */
		864D198022F63429009368ED /* Resources */ = {
			isa = PBXResourcesBuildPhase;
			buildActionMask = 2147483647;
			files = (
				86E0F828231F36930025DE0E /* SF-Pro-Display-Light.otf in Resources */,
				8690403923200F63004C2633 /* SF-Pro-Display-Medium.otf in Resources */,
				864D19AC22F66B72009368ED /* Main.storyboard in Resources */,
				864D199022F6342A009368ED /* LaunchScreen.storyboard in Resources */,
				86E2D4082305936A00E9A910 /* Assets.xcassets in Resources */,
			);
			runOnlyForDeploymentPostprocessing = 0;
		};
/* End PBXResourcesBuildPhase section */

/* Begin PBXSourcesBuildPhase section */
		864D197E22F63429009368ED /* Sources */ = {
			isa = PBXSourcesBuildPhase;
			buildActionMask = 2147483647;
			files = (
				861E112C23356CF000F627BC /* SettingsController.swift in Sources */,
				861E11302335825000F627BC /* LoadingDataViewController.swift in Sources */,
				86D11AD222FF9C330059A0B3 /* HistoricalLogsViewController.swift in Sources */,
				861E112E23357A0300F627BC /* LoadDataController.swift in Sources */,
				8624C445232FE62C00B60BE7 /* Log.swift in Sources */,
				866354E4233940C8005805F7 /* DarkModeController.swift in Sources */,
				864D19AE22F67378009368ED /* MainTabBarController.swift in Sources */,
				8690403723200F1C004C2633 /* ActivityTableViewCell.swift in Sources */,
				86CCFD352306045800CDCC21 /* StatisticsViewController.swift in Sources */,
				8650F1972321871A0016F2D3 /* ActivityForActivityViewTableViewCell.swift in Sources */,
				866354E6233940DB005805F7 /* DarkMode.swift in Sources */,
				8624C449232FF62E00B60BE7 /* LogController.swift in Sources */,
				8624C447232FE88300B60BE7 /* Activity.swift in Sources */,
				8675BBCF230B82AA00EE1382 /* ColorHelper.swift in Sources */,
				86E0F82A231F41A80025DE0E /* SelectActivitiesViewController.swift in Sources */,
				861E11242335515300F627BC /* UIColorExtensions.swift in Sources */,
				866354E823397ECB005805F7 /* StatisticsFunctions.swift in Sources */,
				864D19A822F65033009368ED /* ActivitiesViewController.swift in Sources */,
				861E112A2335699100F627BC /* Settings.swift in Sources */,
				864D198622F63429009368ED /* AppDelegate.swift in Sources */,
				866CAE722319A35C00C85FF8 /* CalenderHelper.swift in Sources */,
				861E11262335559800F627BC /* StatisticsContentViewController.swift in Sources */,
				8624C44B232FFCB000B60BE7 /* ActivityController.swift in Sources */,
				86395CEE23174CBA003AFD08 /* DateCollectionViewCell.swift in Sources */,
			);
			runOnlyForDeploymentPostprocessing = 0;
		};
/* End PBXSourcesBuildPhase section */

/* Begin PBXVariantGroup section */
		864D198E22F6342A009368ED /* LaunchScreen.storyboard */ = {
			isa = PBXVariantGroup;
			children = (
				864D198F22F6342A009368ED /* Base */,
			);
			name = LaunchScreen.storyboard;
			sourceTree = "<group>";
		};
/* End PBXVariantGroup section */

/* Begin XCBuildConfiguration section */
		864D199222F6342A009368ED /* Debug */ = {
			isa = XCBuildConfiguration;
			buildSettings = {
				ALWAYS_SEARCH_USER_PATHS = NO;
				CLANG_ANALYZER_NONNULL = YES;
				CLANG_ANALYZER_NUMBER_OBJECT_CONVERSION = YES_AGGRESSIVE;
				CLANG_CXX_LANGUAGE_STANDARD = "gnu++14";
				CLANG_CXX_LIBRARY = "libc++";
				CLANG_ENABLE_MODULES = YES;
				CLANG_ENABLE_OBJC_ARC = YES;
				CLANG_ENABLE_OBJC_WEAK = YES;
				CLANG_WARN_BLOCK_CAPTURE_AUTORELEASING = YES;
				CLANG_WARN_BOOL_CONVERSION = YES;
				CLANG_WARN_COMMA = YES;
				CLANG_WARN_CONSTANT_CONVERSION = YES;
				CLANG_WARN_DEPRECATED_OBJC_IMPLEMENTATIONS = YES;
				CLANG_WARN_DIRECT_OBJC_ISA_USAGE = YES_ERROR;
				CLANG_WARN_DOCUMENTATION_COMMENTS = YES;
				CLANG_WARN_EMPTY_BODY = YES;
				CLANG_WARN_ENUM_CONVERSION = YES;
				CLANG_WARN_INFINITE_RECURSION = YES;
				CLANG_WARN_INT_CONVERSION = YES;
				CLANG_WARN_NON_LITERAL_NULL_CONVERSION = YES;
				CLANG_WARN_OBJC_IMPLICIT_RETAIN_SELF = YES;
				CLANG_WARN_OBJC_LITERAL_CONVERSION = YES;
				CLANG_WARN_OBJC_ROOT_CLASS = YES_ERROR;
				CLANG_WARN_RANGE_LOOP_ANALYSIS = YES;
				CLANG_WARN_STRICT_PROTOTYPES = YES;
				CLANG_WARN_SUSPICIOUS_MOVE = YES;
				CLANG_WARN_UNGUARDED_AVAILABILITY = YES_AGGRESSIVE;
				CLANG_WARN_UNREACHABLE_CODE = YES;
				CLANG_WARN__DUPLICATE_METHOD_MATCH = YES;
				CODE_SIGN_IDENTITY = "iPhone Developer";
				COPY_PHASE_STRIP = NO;
				DEBUG_INFORMATION_FORMAT = dwarf;
				ENABLE_STRICT_OBJC_MSGSEND = YES;
				ENABLE_TESTABILITY = YES;
				GCC_C_LANGUAGE_STANDARD = gnu11;
				GCC_DYNAMIC_NO_PIC = NO;
				GCC_NO_COMMON_BLOCKS = YES;
				GCC_OPTIMIZATION_LEVEL = 0;
				GCC_PREPROCESSOR_DEFINITIONS = (
					"DEBUG=1",
					"$(inherited)",
				);
				GCC_WARN_64_TO_32_BIT_CONVERSION = YES;
				GCC_WARN_ABOUT_RETURN_TYPE = YES_ERROR;
				GCC_WARN_UNDECLARED_SELECTOR = YES;
				GCC_WARN_UNINITIALIZED_AUTOS = YES_AGGRESSIVE;
				GCC_WARN_UNUSED_FUNCTION = YES;
				GCC_WARN_UNUSED_VARIABLE = YES;
				IPHONEOS_DEPLOYMENT_TARGET = 12.2;
				MTL_ENABLE_DEBUG_INFO = INCLUDE_SOURCE;
				MTL_FAST_MATH = YES;
				ONLY_ACTIVE_ARCH = YES;
				SDKROOT = iphoneos;
				SWIFT_ACTIVE_COMPILATION_CONDITIONS = DEBUG;
				SWIFT_OPTIMIZATION_LEVEL = "-Onone";
			};
			name = Debug;
		};
		864D199322F6342A009368ED /* Release */ = {
			isa = XCBuildConfiguration;
			buildSettings = {
				ALWAYS_SEARCH_USER_PATHS = NO;
				CLANG_ANALYZER_NONNULL = YES;
				CLANG_ANALYZER_NUMBER_OBJECT_CONVERSION = YES_AGGRESSIVE;
				CLANG_CXX_LANGUAGE_STANDARD = "gnu++14";
				CLANG_CXX_LIBRARY = "libc++";
				CLANG_ENABLE_MODULES = YES;
				CLANG_ENABLE_OBJC_ARC = YES;
				CLANG_ENABLE_OBJC_WEAK = YES;
				CLANG_WARN_BLOCK_CAPTURE_AUTORELEASING = YES;
				CLANG_WARN_BOOL_CONVERSION = YES;
				CLANG_WARN_COMMA = YES;
				CLANG_WARN_CONSTANT_CONVERSION = YES;
				CLANG_WARN_DEPRECATED_OBJC_IMPLEMENTATIONS = YES;
				CLANG_WARN_DIRECT_OBJC_ISA_USAGE = YES_ERROR;
				CLANG_WARN_DOCUMENTATION_COMMENTS = YES;
				CLANG_WARN_EMPTY_BODY = YES;
				CLANG_WARN_ENUM_CONVERSION = YES;
				CLANG_WARN_INFINITE_RECURSION = YES;
				CLANG_WARN_INT_CONVERSION = YES;
				CLANG_WARN_NON_LITERAL_NULL_CONVERSION = YES;
				CLANG_WARN_OBJC_IMPLICIT_RETAIN_SELF = YES;
				CLANG_WARN_OBJC_LITERAL_CONVERSION = YES;
				CLANG_WARN_OBJC_ROOT_CLASS = YES_ERROR;
				CLANG_WARN_RANGE_LOOP_ANALYSIS = YES;
				CLANG_WARN_STRICT_PROTOTYPES = YES;
				CLANG_WARN_SUSPICIOUS_MOVE = YES;
				CLANG_WARN_UNGUARDED_AVAILABILITY = YES_AGGRESSIVE;
				CLANG_WARN_UNREACHABLE_CODE = YES;
				CLANG_WARN__DUPLICATE_METHOD_MATCH = YES;
				CODE_SIGN_IDENTITY = "iPhone Developer";
				COPY_PHASE_STRIP = NO;
				DEBUG_INFORMATION_FORMAT = "dwarf-with-dsym";
				ENABLE_NS_ASSERTIONS = NO;
				ENABLE_STRICT_OBJC_MSGSEND = YES;
				GCC_C_LANGUAGE_STANDARD = gnu11;
				GCC_NO_COMMON_BLOCKS = YES;
				GCC_WARN_64_TO_32_BIT_CONVERSION = YES;
				GCC_WARN_ABOUT_RETURN_TYPE = YES_ERROR;
				GCC_WARN_UNDECLARED_SELECTOR = YES;
				GCC_WARN_UNINITIALIZED_AUTOS = YES_AGGRESSIVE;
				GCC_WARN_UNUSED_FUNCTION = YES;
				GCC_WARN_UNUSED_VARIABLE = YES;
				IPHONEOS_DEPLOYMENT_TARGET = 12.2;
				MTL_ENABLE_DEBUG_INFO = NO;
				MTL_FAST_MATH = YES;
				SDKROOT = iphoneos;
				SWIFT_COMPILATION_MODE = wholemodule;
				SWIFT_OPTIMIZATION_LEVEL = "-O";
				VALIDATE_PRODUCT = YES;
			};
			name = Release;
		};
		864D199522F6342A009368ED /* Debug */ = {
			isa = XCBuildConfiguration;
			buildSettings = {
				ASSETCATALOG_COMPILER_APPICON_NAME = AppIcon;
				CODE_SIGN_ENTITLEMENTS = happy/happy.entitlements;
				CODE_SIGN_STYLE = Automatic;
				DEVELOPMENT_TEAM = 2WP5X762NJ;
				INFOPLIST_FILE = "$(SRCROOT)/happy/Resources/Info.plist";
				LD_RUNPATH_SEARCH_PATHS = (
					"$(inherited)",
					"@executable_path/Frameworks",
				);
				PRODUCT_BUNDLE_IDENTIFIER = Decknot.happy;
				PRODUCT_NAME = "$(TARGET_NAME)";
				SWIFT_VERSION = 5.0;
				TARGETED_DEVICE_FAMILY = 1;
			};
			name = Debug;
		};
		864D199622F6342A009368ED /* Release */ = {
			isa = XCBuildConfiguration;
			buildSettings = {
				ASSETCATALOG_COMPILER_APPICON_NAME = AppIcon;
				CODE_SIGN_ENTITLEMENTS = happy/happy.entitlements;
				CODE_SIGN_STYLE = Automatic;
				DEVELOPMENT_TEAM = 2WP5X762NJ;
				INFOPLIST_FILE = "$(SRCROOT)/happy/Resources/Info.plist";
				LD_RUNPATH_SEARCH_PATHS = (
					"$(inherited)",
					"@executable_path/Frameworks",
				);
				PRODUCT_BUNDLE_IDENTIFIER = Decknot.happy;
				PRODUCT_NAME = "$(TARGET_NAME)";
				SWIFT_VERSION = 5.0;
				TARGETED_DEVICE_FAMILY = 1;
			};
			name = Release;
		};
/* End XCBuildConfiguration section */

/* Begin XCConfigurationList section */
		864D197D22F63429009368ED /* Build configuration list for PBXProject "happy" */ = {
			isa = XCConfigurationList;
			buildConfigurations = (
				864D199222F6342A009368ED /* Debug */,
				864D199322F6342A009368ED /* Release */,
			);
			defaultConfigurationIsVisible = 0;
			defaultConfigurationName = Release;
		};
		864D199422F6342A009368ED /* Build configuration list for PBXNativeTarget "happy" */ = {
			isa = XCConfigurationList;
			buildConfigurations = (
				864D199522F6342A009368ED /* Debug */,
				864D199622F6342A009368ED /* Release */,
			);
			defaultConfigurationIsVisible = 0;
			defaultConfigurationName = Release;
		};
/* End XCConfigurationList section */
	};
	rootObject = 864D197A22F63429009368ED /* Project object */;
}
